
Microsoft Visual Studio Solution File, Format Version 12.00
# Visual Studio Version 16
VisualStudioVersion = 16.0.29519.181
MinimumVisualStudioVersion = 10.0.40219.1
Project("{FAE04EC0-301F-11D3-BF4B-00C04F79EFBC}") = "DavidWebsite", "DavidWebsite\DavidWebsite.csproj", "{F97DCB9D-D5A5-4548-9B3D-65022A3446F1}"
EndProject
Global
	GlobalSection(SolutionConfigurationPlatforms) = preSolution
		Debug|Any CPU = Debug|Any CPU
		Release|Any CPU = Release|Any CPU
	EndGlobalSection
	GlobalSection(ProjectConfigurationPlatforms) = postSolution
		{F97DCB9D-D5A5-4548-9B3D-65022A3446F1}.Debug|Any CPU.ActiveCfg = Debug|Any CPU
		{F97DCB9D-D5A5-4548-9B3D-65022A3446F1}.Debug|Any CPU.Build.0 = Debug|Any CPU
		{F97DCB9D-D5A5-4548-9B3D-65022A3446F1}.Release|Any CPU.ActiveCfg = Release|Any CPU
		{F97DCB9D-D5A5-4548-9B3D-65022A3446F1}.Release|Any CPU.Build.0 = Release|Any CPU
	EndGlobalSection
	GlobalSection(SolutionProperties) = preSolution
		HideSolutionNode = FALSE
	EndGlobalSection
	GlobalSection(ExtensibilityGlobals) = postSolution
		SolutionGuid = {61C9319F-354C-4C03-849B-00695C079AF4}
	EndGlobalSection
EndGlobal
